
Microsoft Visual Studio Solution File, Format Version 12.00
# Visual Studio 14
VisualStudioVersion = 14.0.25123.0
MinimumVisualStudioVersion = 10.0.40219.1
Project("{8BC9CEB8-8B4A-11D0-8D11-00A0C91BC942}") = "Win32Util", "Win32Util\Win32Util.vcxproj", "{82597547-3A6D-4E82-9979-32D4CDAD7AB1}"
EndProject
Project("{8BC9CEB8-8B4A-11D0-8D11-00A0C91BC942}") = "WaveGraph", "WaveGraph\WaveGraph.vcxproj", "{5BA80E0D-1DD3-43D3-94EE-40A805C63912}"
	ProjectSection(ProjectDependencies) = postProject
		{82597547-3A6D-4E82-9979-32D4CDAD7AB1} = {82597547-3A6D-4E82-9979-32D4CDAD7AB1}
		{05A82F4C-BBAC-4CDB-8C8E-D5A9ED3FE69F} = {05A82F4C-BBAC-4CDB-8C8E-D5A9ED3FE69F}
		{413A4356-BD98-4A7D-A427-BAA93936627F} = {413A4356-BD98-4A7D-A427-BAA93936627F}
	EndProjectSection
EndProject
Project("{8BC9CEB8-8B4A-11D0-8D11-00A0C91BC942}") = "AudioUtil", "AudioUtil\AudioUtil.vcxproj", "{05A82F4C-BBAC-4CDB-8C8E-D5A9ED3FE69F}"
	ProjectSection(ProjectDependencies) = postProject
		{82597547-3A6D-4E82-9979-32D4CDAD7AB1} = {82597547-3A6D-4E82-9979-32D4CDAD7AB1}
		{413A4356-BD98-4A7D-A427-BAA93936627F} = {413A4356-BD98-4A7D-A427-BAA93936627F}
	EndProjectSection
EndProject
Project("{8BC9CEB8-8B4A-11D0-8D11-00A0C91BC942}") = "WowNpcScanAlertor", "WowNpcScanAlertor\WowNpcScanAlertor.vcxproj", "{34C289A8-7D4F-45DA-B95B-6282972CE776}"
	ProjectSection(ProjectDependencies) = postProject
		{82597547-3A6D-4E82-9979-32D4CDAD7AB1} = {82597547-3A6D-4E82-9979-32D4CDAD7AB1}
		{05A82F4C-BBAC-4CDB-8C8E-D5A9ED3FE69F} = {05A82F4C-BBAC-4CDB-8C8E-D5A9ED3FE69F}
		{413A4356-BD98-4A7D-A427-BAA93936627F} = {413A4356-BD98-4A7D-A427-BAA93936627F}
	EndProjectSection
EndProject
Project("{8BC9CEB8-8B4A-11D0-8D11-00A0C91BC942}") = "WowFisher", "WowFisher\WowFisher.vcxproj", "{4F30B56B-0430-4752-9A62-C191BF675B86}"
	ProjectSection(ProjectDependencies) = postProject
		{82597547-3A6D-4E82-9979-32D4CDAD7AB1} = {82597547-3A6D-4E82-9979-32D4CDAD7AB1}
		{05A82F4C-BBAC-4CDB-8C8E-D5A9ED3FE69F} = {05A82F4C-BBAC-4CDB-8C8E-D5A9ED3FE69F}
		{413A4356-BD98-4A7D-A427-BAA93936627F} = {413A4356-BD98-4A7D-A427-BAA93936627F}
	EndProjectSection
EndProject
Project("{8BC9CEB8-8B4A-11D0-8D11-00A0C91BC942}") = "CommUtil", "CommUtil\CommUtil.vcxproj", "{413A4356-BD98-4A7D-A427-BAA93936627F}"
EndProject
Project("{8BC9CEB8-8B4A-11D0-8D11-00A0C91BC942}") = "Test", "Test\Test.vcxproj", "{32869807-85A6-4B0A-8503-CBBAFF1DFB77}"
	ProjectSection(ProjectDependencies) = postProject
		{82597547-3A6D-4E82-9979-32D4CDAD7AB1} = {82597547-3A6D-4E82-9979-32D4CDAD7AB1}
		{413A4356-BD98-4A7D-A427-BAA93936627F} = {413A4356-BD98-4A7D-A427-BAA93936627F}
	EndProjectSection
EndProject
Global
	GlobalSection(SolutionConfigurationPlatforms) = preSolution
		Debug|Win32 = Debug|Win32
		Debug|x64 = Debug|x64
		Release|Win32 = Release|Win32
		Release|x64 = Release|x64
	EndGlobalSection
	GlobalSection(ProjectConfigurationPlatforms) = postSolution
		{82597547-3A6D-4E82-9979-32D4CDAD7AB1}.Debug|Win32.ActiveCfg = Debug|Win32
		{82597547-3A6D-4E82-9979-32D4CDAD7AB1}.Debug|Win32.Build.0 = Debug|Win32
		{82597547-3A6D-4E82-9979-32D4CDAD7AB1}.Debug|Win32.Deploy.0 = Debug|Win32
		{82597547-3A6D-4E82-9979-32D4CDAD7AB1}.Debug|x64.ActiveCfg = Debug|Win32
		{82597547-3A6D-4E82-9979-32D4CDAD7AB1}.Release|Win32.ActiveCfg = Release|Win32
		{82597547-3A6D-4E82-9979-32D4CDAD7AB1}.Release|Win32.Build.0 = Release|Win32
		{82597547-3A6D-4E82-9979-32D4CDAD7AB1}.Release|x64.ActiveCfg = Release|Win32
		{5BA80E0D-1DD3-43D3-94EE-40A805C63912}.Debug|Win32.ActiveCfg = Debug|Win32
		{5BA80E0D-1DD3-43D3-94EE-40A805C63912}.Debug|Win32.Build.0 = Debug|Win32
		{5BA80E0D-1DD3-43D3-94EE-40A805C63912}.Debug|x64.ActiveCfg = Debug|Win32
		{5BA80E0D-1DD3-43D3-94EE-40A805C63912}.Release|Win32.ActiveCfg = Release|Win32
		{5BA80E0D-1DD3-43D3-94EE-40A805C63912}.Release|Win32.Build.0 = Release|Win32
		{5BA80E0D-1DD3-43D3-94EE-40A805C63912}.Release|x64.ActiveCfg = Release|Win32
		{05A82F4C-BBAC-4CDB-8C8E-D5A9ED3FE69F}.Debug|Win32.ActiveCfg = Debug|Win32
		{05A82F4C-BBAC-4CDB-8C8E-D5A9ED3FE69F}.Debug|Win32.Build.0 = Debug|Win32
		{05A82F4C-BBAC-4CDB-8C8E-D5A9ED3FE69F}.Debug|x64.ActiveCfg = Debug|Win32
		{05A82F4C-BBAC-4CDB-8C8E-D5A9ED3FE69F}.Release|Win32.ActiveCfg = Release|Win32
		{05A82F4C-BBAC-4CDB-8C8E-D5A9ED3FE69F}.Release|Win32.Build.0 = Release|Win32
		{05A82F4C-BBAC-4CDB-8C8E-D5A9ED3FE69F}.Release|x64.ActiveCfg = Release|Win32
		{34C289A8-7D4F-45DA-B95B-6282972CE776}.Debug|Win32.ActiveCfg = Debug|Win32
		{34C289A8-7D4F-45DA-B95B-6282972CE776}.Debug|Win32.Build.0 = Debug|Win32
		{34C289A8-7D4F-45DA-B95B-6282972CE776}.Debug|x64.ActiveCfg = Debug|Win32
		{34C289A8-7D4F-45DA-B95B-6282972CE776}.Release|Win32.ActiveCfg = Release|Win32
		{34C289A8-7D4F-45DA-B95B-6282972CE776}.Release|Win32.Build.0 = Release|Win32
		{34C289A8-7D4F-45DA-B95B-6282972CE776}.Release|x64.ActiveCfg = Release|Win32
		{4F30B56B-0430-4752-9A62-C191BF675B86}.Debug|Win32.ActiveCfg = Debug|Win32
		{4F30B56B-0430-4752-9A62-C191BF675B86}.Debug|Win32.Build.0 = Debug|Win32
		{4F30B56B-0430-4752-9A62-C191BF675B86}.Debug|x64.ActiveCfg = Debug|Win32
		{4F30B56B-0430-4752-9A62-C191BF675B86}.Release|Win32.ActiveCfg = Release|Win32
		{4F30B56B-0430-4752-9A62-C191BF675B86}.Release|Win32.Build.0 = Release|Win32
		{4F30B56B-0430-4752-9A62-C191BF675B86}.Release|x64.ActiveCfg = Release|Win32
		{413A4356-BD98-4A7D-A427-BAA93936627F}.Debug|Win32.ActiveCfg = Debug|Win32
		{413A4356-BD98-4A7D-A427-BAA93936627F}.Debug|Win32.Build.0 = Debug|Win32
		{413A4356-BD98-4A7D-A427-BAA93936627F}.Debug|x64.ActiveCfg = Debug|x64
		{413A4356-BD98-4A7D-A427-BAA93936627F}.Debug|x64.Build.0 = Debug|x64
		{413A4356-BD98-4A7D-A427-BAA93936627F}.Release|Win32.ActiveCfg = Release|Win32
		{413A4356-BD98-4A7D-A427-BAA93936627F}.Release|Win32.Build.0 = Release|Win32
		{413A4356-BD98-4A7D-A427-BAA93936627F}.Release|x64.ActiveCfg = Release|x64
		{413A4356-BD98-4A7D-A427-BAA93936627F}.Release|x64.Build.0 = Release|x64
		{32869807-85A6-4B0A-8503-CBBAFF1DFB77}.Debug|Win32.ActiveCfg = Debug|Win32
		{32869807-85A6-4B0A-8503-CBBAFF1DFB77}.Debug|Win32.Build.0 = Debug|Win32
		{32869807-85A6-4B0A-8503-CBBAFF1DFB77}.Debug|x64.ActiveCfg = Debug|x64
		{32869807-85A6-4B0A-8503-CBBAFF1DFB77}.Debug|x64.Build.0 = Debug|x64
		{32869807-85A6-4B0A-8503-CBBAFF1DFB77}.Release|Win32.ActiveCfg = Release|Win32
		{32869807-85A6-4B0A-8503-CBBAFF1DFB77}.Release|Win32.Build.0 = Release|Win32
		{32869807-85A6-4B0A-8503-CBBAFF1DFB77}.Release|x64.ActiveCfg = Release|x64
		{32869807-85A6-4B0A-8503-CBBAFF1DFB77}.Release|x64.Build.0 = Release|x64
	EndGlobalSection
	GlobalSection(SolutionProperties) = preSolution
		HideSolutionNode = FALSE
	EndGlobalSection
EndGlobal
