
Microsoft Visual Studio Solution File, Format Version 12.00
# Visual Studio 2013
VisualStudioVersion = 12.0.40629.0
MinimumVisualStudioVersion = 10.0.40219.1
Project("{8BC9CEB8-8B4A-11D0-8D11-00A0C91BC942}") = "WowAutoFishing", "WowAutoFishing\WowAutoFishing.vcxproj", "{5CE685D4-F84D-4711-B444-A0EE85F748AC}"
	ProjectSection(ProjectDependencies) = postProject
		{82597547-3A6D-4E82-9979-32D4CDAD7AB1} = {82597547-3A6D-4E82-9979-32D4CDAD7AB1}
		{05A82F4C-BBAC-4CDB-8C8E-D5A9ED3FE69F} = {05A82F4C-BBAC-4CDB-8C8E-D5A9ED3FE69F}
	EndProjectSection
EndProject
Project("{8BC9CEB8-8B4A-11D0-8D11-00A0C91BC942}") = "Win32Util", "Win32Util\Win32Util.vcxproj", "{82597547-3A6D-4E82-9979-32D4CDAD7AB1}"
EndProject
Project("{8BC9CEB8-8B4A-11D0-8D11-00A0C91BC942}") = "WaveGraph", "WaveGraph\WaveGraph.vcxproj", "{5BA80E0D-1DD3-43D3-94EE-40A805C63912}"
	ProjectSection(ProjectDependencies) = postProject
		{82597547-3A6D-4E82-9979-32D4CDAD7AB1} = {82597547-3A6D-4E82-9979-32D4CDAD7AB1}
		{05A82F4C-BBAC-4CDB-8C8E-D5A9ED3FE69F} = {05A82F4C-BBAC-4CDB-8C8E-D5A9ED3FE69F}
	EndProjectSection
EndProject
Project("{8BC9CEB8-8B4A-11D0-8D11-00A0C91BC942}") = "AudioUtil", "AudioUtil\AudioUtil.vcxproj", "{05A82F4C-BBAC-4CDB-8C8E-D5A9ED3FE69F}"
	ProjectSection(ProjectDependencies) = postProject
		{82597547-3A6D-4E82-9979-32D4CDAD7AB1} = {82597547-3A6D-4E82-9979-32D4CDAD7AB1}
	EndProjectSection
EndProject
Project("{8BC9CEB8-8B4A-11D0-8D11-00A0C91BC942}") = "WowNpcScanAlertor", "WowNpcScanAlertor\WowNpcScanAlertor.vcxproj", "{34C289A8-7D4F-45DA-B95B-6282972CE776}"
	ProjectSection(ProjectDependencies) = postProject
		{82597547-3A6D-4E82-9979-32D4CDAD7AB1} = {82597547-3A6D-4E82-9979-32D4CDAD7AB1}
		{05A82F4C-BBAC-4CDB-8C8E-D5A9ED3FE69F} = {05A82F4C-BBAC-4CDB-8C8E-D5A9ED3FE69F}
	EndProjectSection
EndProject
Global
	GlobalSection(SolutionConfigurationPlatforms) = preSolution
		Debug|Win32 = Debug|Win32
		Release|Win32 = Release|Win32
	EndGlobalSection
	GlobalSection(ProjectConfigurationPlatforms) = postSolution
		{5CE685D4-F84D-4711-B444-A0EE85F748AC}.Debug|Win32.ActiveCfg = Debug|Win32
		{5CE685D4-F84D-4711-B444-A0EE85F748AC}.Debug|Win32.Build.0 = Debug|Win32
		{5CE685D4-F84D-4711-B444-A0EE85F748AC}.Debug|Win32.Deploy.0 = Debug|Win32
		{5CE685D4-F84D-4711-B444-A0EE85F748AC}.Release|Win32.ActiveCfg = Release|Win32
		{5CE685D4-F84D-4711-B444-A0EE85F748AC}.Release|Win32.Build.0 = Release|Win32
		{82597547-3A6D-4E82-9979-32D4CDAD7AB1}.Debug|Win32.ActiveCfg = Debug|Win32
		{82597547-3A6D-4E82-9979-32D4CDAD7AB1}.Debug|Win32.Build.0 = Debug|Win32
		{82597547-3A6D-4E82-9979-32D4CDAD7AB1}.Debug|Win32.Deploy.0 = Debug|Win32
		{82597547-3A6D-4E82-9979-32D4CDAD7AB1}.Release|Win32.ActiveCfg = Release|Win32
		{82597547-3A6D-4E82-9979-32D4CDAD7AB1}.Release|Win32.Build.0 = Release|Win32
		{5BA80E0D-1DD3-43D3-94EE-40A805C63912}.Debug|Win32.ActiveCfg = Debug|Win32
		{5BA80E0D-1DD3-43D3-94EE-40A805C63912}.Debug|Win32.Build.0 = Debug|Win32
		{5BA80E0D-1DD3-43D3-94EE-40A805C63912}.Release|Win32.ActiveCfg = Release|Win32
		{5BA80E0D-1DD3-43D3-94EE-40A805C63912}.Release|Win32.Build.0 = Release|Win32
		{05A82F4C-BBAC-4CDB-8C8E-D5A9ED3FE69F}.Debug|Win32.ActiveCfg = Debug|Win32
		{05A82F4C-BBAC-4CDB-8C8E-D5A9ED3FE69F}.Debug|Win32.Build.0 = Debug|Win32
		{05A82F4C-BBAC-4CDB-8C8E-D5A9ED3FE69F}.Release|Win32.ActiveCfg = Release|Win32
		{05A82F4C-BBAC-4CDB-8C8E-D5A9ED3FE69F}.Release|Win32.Build.0 = Release|Win32
		{34C289A8-7D4F-45DA-B95B-6282972CE776}.Debug|Win32.ActiveCfg = Debug|Win32
		{34C289A8-7D4F-45DA-B95B-6282972CE776}.Debug|Win32.Build.0 = Debug|Win32
		{34C289A8-7D4F-45DA-B95B-6282972CE776}.Release|Win32.ActiveCfg = Release|Win32
		{34C289A8-7D4F-45DA-B95B-6282972CE776}.Release|Win32.Build.0 = Release|Win32
	EndGlobalSection
	GlobalSection(SolutionProperties) = preSolution
		HideSolutionNode = FALSE
	EndGlobalSection
EndGlobal
