<?xml version="1.0" encoding="utf-8"?>
<Project ToolsVersion="4.0" xmlns="http://schemas.microsoft.com/developer/msbuild/2003">
  <ItemGroup>
    <Filter Include="Source Files">
      <UniqueIdentifier>{4FC737F1-C7A5-4376-A066-2A32D752A2FF}</UniqueIdentifier>
      <Extensions>cpp;c;cc;cxx;def;odl;idl;hpj;bat;asm;asmx</Extensions>
    </Filter>
    <Filter Include="Header Files">
      <UniqueIdentifier>{93995380-89BD-4b04-88EB-625FBE52EBFB}</UniqueIdentifier>
      <Extensions>h;hh;hpp;hxx;hm;inl;inc;xsd</Extensions>
    </Filter>
    <Filter Include="Resource Files">
      <UniqueIdentifier>{67DA6AB6-F800-4c08-8B7A-83BB121AAD01}</UniqueIdentifier>
      <Extensions>rc;ico;cur;bmp;dlg;rc2;rct;bin;rgs;gif;jpg;jpeg;jpe;resx;tiff;tif;png;wav;mfcribbon-ms</Extensions>
    </Filter>
    <Filter Include="Mouse">
      <UniqueIdentifier>{bbac10e7-04db-47e1-86ca-6f402f846778}</UniqueIdentifier>
    </Filter>
    <Filter Include="Keyboard">
      <UniqueIdentifier>{d8697780-6a6b-4177-8d80-e3b9807ce090}</UniqueIdentifier>
    </Filter>
    <Filter Include="Audio">
      <UniqueIdentifier>{1b0084c7-8f18-48a2-9705-41349c011d75}</UniqueIdentifier>
    </Filter>
    <Filter Include="Screen">
      <UniqueIdentifier>{0816473c-0f80-4090-8822-18b960dd5fd3}</UniqueIdentifier>
    </Filter>
  </ItemGroup>
  <ItemGroup>
    <Text Include="ReadMe.txt" />
  </ItemGroup>
  <ItemGroup>
    <ClInclude Include="stdafx.h">
      <Filter>Header Files</Filter>
    </ClInclude>
    <ClInclude Include="targetver.h">
      <Filter>Header Files</Filter>
    </ClInclude>
    <ClInclude Include="ImageUtil.h">
      <Filter>Header Files</Filter>
    </ClInclude>
    <ClInclude Include="Utility.h">
      <Filter>Header Files</Filter>
    </ClInclude>
    <ClInclude Include="DcBuffer.h">
      <Filter>Header Files</Filter>
    </ClInclude>
    <ClInclude Include="MouseBase.h">
      <Filter>Mouse</Filter>
    </ClInclude>
    <ClInclude Include="MouseBackground.h">
      <Filter>Mouse</Filter>
    </ClInclude>
    <ClInclude Include="MouseGlobal.h">
      <Filter>Mouse</Filter>
    </ClInclude>
    <ClInclude Include="AudioCapture.h">
      <Filter>Audio</Filter>
    </ClInclude>
    <ClInclude Include="AudioRender.h">
      <Filter>Audio</Filter>
    </ClInclude>
    <ClInclude Include="AudioUtil.h">
      <Filter>Audio</Filter>
    </ClInclude>
    <ClInclude Include="WindowPrinter.h">
      <Filter>Screen</Filter>
    </ClInclude>
    <ClInclude Include="KeyboardBase.h">
      <Filter>Keyboard</Filter>
    </ClInclude>
    <ClInclude Include="KeyboardGlobal.h">
      <Filter>Keyboard</Filter>
    </ClInclude>
    <ClInclude Include="KeyboardBackground.h">
      <Filter>Keyboard</Filter>
    </ClInclude>
    <ClInclude Include="DLLInjecter.h">
      <Filter>Header Files</Filter>
    </ClInclude>
    <ClInclude Include="ShareMemory.h">
      <Filter>Header Files</Filter>
    </ClInclude>
  </ItemGroup>
  <ItemGroup>
    <ClCompile Include="stdafx.cpp">
      <Filter>Source Files</Filter>
    </ClCompile>
    <ClCompile Include="ImageUtil.cpp">
      <Filter>Source Files</Filter>
    </ClCompile>
    <ClCompile Include="Utility.cpp">
      <Filter>Source Files</Filter>
    </ClCompile>
    <ClCompile Include="DcBuffer.cpp">
      <Filter>Source Files</Filter>
    </ClCompile>
    <ClCompile Include="MouseBase.cpp">
      <Filter>Mouse</Filter>
    </ClCompile>
    <ClCompile Include="MouseBackground.cpp">
      <Filter>Mouse</Filter>
    </ClCompile>
    <ClCompile Include="MouseGlobal.cpp">
      <Filter>Mouse</Filter>
    </ClCompile>
    <ClCompile Include="AudioCapture.cpp">
      <Filter>Audio</Filter>
    </ClCompile>
    <ClCompile Include="AudioRender.cpp">
      <Filter>Audio</Filter>
    </ClCompile>
    <ClCompile Include="AudioUtil.cpp">
      <Filter>Audio</Filter>
    </ClCompile>
    <ClCompile Include="WindowPrinter.cpp">
      <Filter>Screen</Filter>
    </ClCompile>
    <ClCompile Include="KeyboardBase.cpp">
      <Filter>Keyboard</Filter>
    </ClCompile>
    <ClCompile Include="KeyboardGlobal.cpp">
      <Filter>Keyboard</Filter>
    </ClCompile>
    <ClCompile Include="KeyboardBackground.cpp">
      <Filter>Keyboard</Filter>
    </ClCompile>
    <ClCompile Include="DLLInjecter.cpp">
      <Filter>Source Files</Filter>
    </ClCompile>
    <ClCompile Include="ShareMemory.cpp">
      <Filter>Source Files</Filter>
    </ClCompile>
  </ItemGroup>
</Project>