<?xml version="1.0" encoding="utf-8"?>
<Project ToolsVersion="4.0" xmlns="http://schemas.microsoft.com/developer/msbuild/2003">
  <ItemGroup>
    <Filter Include="Source Files">
      <UniqueIdentifier>{4FC737F1-C7A5-4376-A066-2A32D752A2FF}</UniqueIdentifier>
      <Extensions>cpp;c;cc;cxx;def;odl;idl;hpj;bat;asm;asmx</Extensions>
    </Filter>
    <Filter Include="Header Files">
      <UniqueIdentifier>{93995380-89BD-4b04-88EB-625FBE52EBFB}</UniqueIdentifier>
      <Extensions>h;hh;hpp;hxx;hm;inl;inc;xsd</Extensions>
    </Filter>
    <Filter Include="Resource Files">
      <UniqueIdentifier>{67DA6AB6-F800-4c08-8B7A-83BB121AAD01}</UniqueIdentifier>
      <Extensions>rc;ico;cur;bmp;dlg;rc2;rct;bin;rgs;gif;jpg;jpeg;jpe;resx;tiff;tif;png;wav;mfcribbon-ms</Extensions>
    </Filter>
    <Filter Include="StateMachine">
      <UniqueIdentifier>{4b4c42ad-b88c-41a4-8f23-b15c4f5c567f}</UniqueIdentifier>
    </Filter>
  </ItemGroup>
  <ItemGroup>
    <Text Include="ReadMe.txt" />
  </ItemGroup>
  <ItemGroup>
    <ClInclude Include="WowFisher.h">
      <Filter>Header Files</Filter>
    </ClInclude>
    <ClInclude Include="WowFisherDlg.h">
      <Filter>Header Files</Filter>
    </ClInclude>
    <ClInclude Include="stdafx.h">
      <Filter>Header Files</Filter>
    </ClInclude>
    <ClInclude Include="targetver.h">
      <Filter>Header Files</Filter>
    </ClInclude>
    <ClInclude Include="Resource.h">
      <Filter>Header Files</Filter>
    </ClInclude>
    <ClInclude Include="Fisher.h">
      <Filter>Header Files</Filter>
    </ClInclude>
    <ClInclude Include="FishingSoundListener.h">
      <Filter>Header Files</Filter>
    </ClInclude>
    <ClInclude Include="FisherStateMachine.h">
      <Filter>StateMachine</Filter>
    </ClInclude>
    <ClInclude Include="FisherStateBase.h">
      <Filter>StateMachine</Filter>
    </ClInclude>
    <ClInclude Include="FisherStateBait.h">
      <Filter>StateMachine</Filter>
    </ClInclude>
    <ClInclude Include="FisherStateCheckBait.h">
      <Filter>StateMachine</Filter>
    </ClInclude>
    <ClInclude Include="FisherStateThrowPole.h">
      <Filter>StateMachine</Filter>
    </ClInclude>
    <ClInclude Include="FisherStateFindFloat.h">
      <Filter>StateMachine</Filter>
    </ClInclude>
    <ClInclude Include="FisherStateShaduf.h">
      <Filter>StateMachine</Filter>
    </ClInclude>
    <ClInclude Include="FisherStateWaitBite.h">
      <Filter>StateMachine</Filter>
    </ClInclude>
    <ClInclude Include="FisherStateWaitFloatHide.h">
      <Filter>StateMachine</Filter>
    </ClInclude>
    <ClInclude Include="FisherStateDefine.h">
      <Filter>StateMachine</Filter>
    </ClInclude>
    <ClInclude Include="FisherStateJump.h">
      <Filter>StateMachine</Filter>
    </ClInclude>
  </ItemGroup>
  <ItemGroup>
    <ClCompile Include="WowFisher.cpp">
      <Filter>Source Files</Filter>
    </ClCompile>
    <ClCompile Include="WowFisherDlg.cpp">
      <Filter>Source Files</Filter>
    </ClCompile>
    <ClCompile Include="stdafx.cpp">
      <Filter>Source Files</Filter>
    </ClCompile>
    <ClCompile Include="Fisher.cpp">
      <Filter>Source Files</Filter>
    </ClCompile>
    <ClCompile Include="FishingSoundListener.cpp">
      <Filter>Source Files</Filter>
    </ClCompile>
    <ClCompile Include="FisherStateMachine.cpp">
      <Filter>StateMachine</Filter>
    </ClCompile>
    <ClCompile Include="FisherStateBase.cpp">
      <Filter>StateMachine</Filter>
    </ClCompile>
    <ClCompile Include="FisherStateBait.cpp">
      <Filter>StateMachine</Filter>
    </ClCompile>
    <ClCompile Include="FisherStateCheckBait.cpp">
      <Filter>StateMachine</Filter>
    </ClCompile>
    <ClCompile Include="FisherStateThrowPole.cpp">
      <Filter>StateMachine</Filter>
    </ClCompile>
    <ClCompile Include="FisherStateFindFloat.cpp">
      <Filter>StateMachine</Filter>
    </ClCompile>
    <ClCompile Include="FisherStateShaduf.cpp">
      <Filter>StateMachine</Filter>
    </ClCompile>
    <ClCompile Include="FisherStateWaitBite.cpp">
      <Filter>StateMachine</Filter>
    </ClCompile>
    <ClCompile Include="FisherStateWaitFloatHide.cpp">
      <Filter>StateMachine</Filter>
    </ClCompile>
    <ClCompile Include="FisherStateJump.cpp">
      <Filter>StateMachine</Filter>
    </ClCompile>
  </ItemGroup>
  <ItemGroup>
    <ResourceCompile Include="WowFisher.rc">
      <Filter>Resource Files</Filter>
    </ResourceCompile>
  </ItemGroup>
  <ItemGroup>
    <None Include="res\WowFisher.rc2">
      <Filter>Resource Files</Filter>
    </None>
  </ItemGroup>
  <ItemGroup>
    <Image Include="res\WowFisher.ico">
      <Filter>Resource Files</Filter>
    </Image>
  </ItemGroup>
</Project>